// !$*UTF8*$!
{
	archiveVersion = 1;
	classes = {
	};
	objectVersion = 56;
	objects = {

/* Begin PBXBuildFile section */
		411496E72B6B0DF700E5C053 /* Proxima-Nova-Bold.ttf in Resources */ = {isa = PBXBuildFile; fileRef = 411496E62B6B0DF700E5C053 /* Proxima-Nova-Bold.ttf */; };
		411496E92B6D98E000E5C053 /* BrandButtonView.swift in Sources */ = {isa = PBXBuildFile; fileRef = 411496E82B6D98E000E5C053 /* BrandButtonView.swift */; };
		411496EB2B6D996A00E5C053 /* SwiftUIView.swift in Sources */ = {isa = PBXBuildFile; fileRef = 411496EA2B6D996A00E5C053 /* SwiftUIView.swift */; };
		411496EE2B6EE1ED00E5C053 /* README.md in Resources */ = {isa = PBXBuildFile; fileRef = 411496ED2B6EE1ED00E5C053 /* README.md */; };
		417CA1112B69586600AA9118 /* AppDelegate.swift in Sources */ = {isa = PBXBuildFile; fileRef = 417CA1102B69586600AA9118 /* AppDelegate.swift */; };
		417CA1132B69586600AA9118 /* SceneDelegate.swift in Sources */ = {isa = PBXBuildFile; fileRef = 417CA1122B69586600AA9118 /* SceneDelegate.swift */; };
		417CA1152B69586600AA9118 /* ViewController.swift in Sources */ = {isa = PBXBuildFile; fileRef = 417CA1142B69586600AA9118 /* ViewController.swift */; };
		417CA1182B69586600AA9118 /* Main.storyboard in Resources */ = {isa = PBXBuildFile; fileRef = 417CA1162B69586600AA9118 /* Main.storyboard */; };
		417CA11A2B69586700AA9118 /* Assets.xcassets in Resources */ = {isa = PBXBuildFile; fileRef = 417CA1192B69586700AA9118 /* Assets.xcassets */; };
		417CA11D2B69586700AA9118 /* LaunchScreen.storyboard in Resources */ = {isa = PBXBuildFile; fileRef = 417CA11B2B69586700AA9118 /* LaunchScreen.storyboard */; };
		417CA1282B69586800AA9118 /* BrandButtonTests.swift in Sources */ = {isa = PBXBuildFile; fileRef = 417CA1272B69586800AA9118 /* BrandButtonTests.swift */; };
		417CA1412B6959A400AA9118 /* BrandButton.swift in Sources */ = {isa = PBXBuildFile; fileRef = 417CA1402B6959A400AA9118 /* BrandButton.swift */; };
		417CA1432B696B6300AA9118 /* DesignSystem.swift in Sources */ = {isa = PBXBuildFile; fileRef = 417CA1422B696B6300AA9118 /* DesignSystem.swift */; };
/* End PBXBuildFile section */

/* Begin PBXContainerItemProxy section */
		417CA1242B69586800AA9118 /* PBXContainerItemProxy */ = {
			isa = PBXContainerItemProxy;
			containerPortal = 417CA1052B69586600AA9118 /* Project object */;
			proxyType = 1;
			remoteGlobalIDString = 417CA10C2B69586600AA9118;
			remoteInfo = BrandButton;
		};
/* End PBXContainerItemProxy section */

/* Begin PBXFileReference section */
		411496E62B6B0DF700E5C053 /* Proxima-Nova-Bold.ttf */ = {isa = PBXFileReference; lastKnownFileType = file; path = "Proxima-Nova-Bold.ttf"; sourceTree = "<group>"; };
		411496E82B6D98E000E5C053 /* BrandButtonView.swift */ = {isa = PBXFileReference; lastKnownFileType = sourcecode.swift; path = BrandButtonView.swift; sourceTree = "<group>"; };
		411496EA2B6D996A00E5C053 /* SwiftUIView.swift */ = {isa = PBXFileReference; lastKnownFileType = sourcecode.swift; path = SwiftUIView.swift; sourceTree = "<group>"; };
		411496EC2B6ECE1200E5C053 /* BrandButton.xctestplan */ = {isa = PBXFileReference; lastKnownFileType = text; path = BrandButton.xctestplan; sourceTree = "<group>"; };
		411496ED2B6EE1ED00E5C053 /* README.md */ = {isa = PBXFileReference; fileEncoding = 4; lastKnownFileType = net.daringfireball.markdown; path = README.md; sourceTree = "<group>"; };
		417CA10D2B69586600AA9118 /* BrandButton.app */ = {isa = PBXFileReference; explicitFileType = wrapper.application; includeInIndex = 0; path = BrandButton.app; sourceTree = BUILT_PRODUCTS_DIR; };
		417CA1102B69586600AA9118 /* AppDelegate.swift */ = {isa = PBXFileReference; lastKnownFileType = sourcecode.swift; path = AppDelegate.swift; sourceTree = "<group>"; };
		417CA1122B69586600AA9118 /* SceneDelegate.swift */ = {isa = PBXFileReference; lastKnownFileType = sourcecode.swift; path = SceneDelegate.swift; sourceTree = "<group>"; };
		417CA1142B69586600AA9118 /* ViewController.swift */ = {isa = PBXFileReference; lastKnownFileType = sourcecode.swift; path = ViewController.swift; sourceTree = "<group>"; };
		417CA1172B69586600AA9118 /* Base */ = {isa = PBXFileReference; lastKnownFileType = file.storyboard; name = Base; path = Base.lproj/Main.storyboard; sourceTree = "<group>"; };
		417CA1192B69586700AA9118 /* Assets.xcassets */ = {isa = PBXFileReference; lastKnownFileType = folder.assetcatalog; path = Assets.xcassets; sourceTree = "<group>"; };
		417CA11C2B69586700AA9118 /* Base */ = {isa = PBXFileReference; lastKnownFileType = file.storyboard; name = Base; path = Base.lproj/LaunchScreen.storyboard; sourceTree = "<group>"; };
		417CA11E2B69586700AA9118 /* Info.plist */ = {isa = PBXFileReference; lastKnownFileType = text.plist.xml; path = Info.plist; sourceTree = "<group>"; };
		417CA1232B69586800AA9118 /* BrandButtonTests.xctest */ = {isa = PBXFileReference; explicitFileType = wrapper.cfbundle; includeInIndex = 0; path = BrandButtonTests.xctest; sourceTree = BUILT_PRODUCTS_DIR; };
		417CA1272B69586800AA9118 /* BrandButtonTests.swift */ = {isa = PBXFileReference; lastKnownFileType = sourcecode.swift; path = BrandButtonTests.swift; sourceTree = "<group>"; };
		417CA1402B6959A400AA9118 /* BrandButton.swift */ = {isa = PBXFileReference; lastKnownFileType = sourcecode.swift; path = BrandButton.swift; sourceTree = "<group>"; };
		417CA1422B696B6300AA9118 /* DesignSystem.swift */ = {isa = PBXFileReference; lastKnownFileType = sourcecode.swift; path = DesignSystem.swift; sourceTree = "<group>"; };
/* End PBXFileReference section */

/* Begin PBXFrameworksBuildPhase section */
		417CA10A2B69586600AA9118 /* Frameworks */ = {
			isa = PBXFrameworksBuildPhase;
			buildActionMask = 2147483647;
			files = (
			);
			runOnlyForDeploymentPostprocessing = 0;
		};
		417CA1202B69586800AA9118 /* Frameworks */ = {
			isa = PBXFrameworksBuildPhase;
			buildActionMask = 2147483647;
			files = (
			);
			runOnlyForDeploymentPostprocessing = 0;
		};
/* End PBXFrameworksBuildPhase section */

/* Begin PBXGroup section */
		417CA1042B69586600AA9118 = {
			isa = PBXGroup;
			children = (
				411496ED2B6EE1ED00E5C053 /* README.md */,
				411496EC2B6ECE1200E5C053 /* BrandButton.xctestplan */,
				417CA10F2B69586600AA9118 /* BrandButton */,
				417CA1262B69586800AA9118 /* BrandButtonTests */,
				417CA10E2B69586600AA9118 /* Products */,
			);
			sourceTree = "<group>";
		};
		417CA10E2B69586600AA9118 /* Products */ = {
			isa = PBXGroup;
			children = (
				417CA10D2B69586600AA9118 /* BrandButton.app */,
				417CA1232B69586800AA9118 /* BrandButtonTests.xctest */,
			);
			name = Products;
			sourceTree = "<group>";
		};
		417CA10F2B69586600AA9118 /* BrandButton */ = {
			isa = PBXGroup;
			children = (
				417CA1442B69A7DF00AA9118 /* Resources */,
				417CA1102B69586600AA9118 /* AppDelegate.swift */,
				417CA1122B69586600AA9118 /* SceneDelegate.swift */,
				417CA1142B69586600AA9118 /* ViewController.swift */,
				417CA1162B69586600AA9118 /* Main.storyboard */,
				417CA1192B69586700AA9118 /* Assets.xcassets */,
				417CA11B2B69586700AA9118 /* LaunchScreen.storyboard */,
				417CA11E2B69586700AA9118 /* Info.plist */,
				417CA1402B6959A400AA9118 /* BrandButton.swift */,
				417CA1422B696B6300AA9118 /* DesignSystem.swift */,
				411496E82B6D98E000E5C053 /* BrandButtonView.swift */,
				411496EA2B6D996A00E5C053 /* SwiftUIView.swift */,
			);
			path = BrandButton;
			sourceTree = "<group>";
		};
		417CA1262B69586800AA9118 /* BrandButtonTests */ = {
			isa = PBXGroup;
			children = (
				417CA1272B69586800AA9118 /* BrandButtonTests.swift */,
			);
			path = BrandButtonTests;
			sourceTree = "<group>";
		};
		417CA1442B69A7DF00AA9118 /* Resources */ = {
			isa = PBXGroup;
			children = (
				411496E62B6B0DF700E5C053 /* Proxima-Nova-Bold.ttf */,
			);
			path = Resources;
			sourceTree = "<group>";
		};
/* End PBXGroup section */

/* Begin PBXNativeTarget section */
		417CA10C2B69586600AA9118 /* BrandButton */ = {
			isa = PBXNativeTarget;
			buildConfigurationList = 417CA1372B69586800AA9118 /* Build configuration list for PBXNativeTarget "BrandButton" */;
			buildPhases = (
				417CA1092B69586600AA9118 /* Sources */,
				417CA10A2B69586600AA9118 /* Frameworks */,
				417CA10B2B69586600AA9118 /* Resources */,
			);
			buildRules = (
			);
			dependencies = (
			);
			name = BrandButton;
			productName = BrandButton;
			productReference = 417CA10D2B69586600AA9118 /* BrandButton.app */;
			productType = "com.apple.product-type.application";
		};
		417CA1222B69586800AA9118 /* BrandButtonTests */ = {
			isa = PBXNativeTarget;
			buildConfigurationList = 417CA13A2B69586800AA9118 /* Build configuration list for PBXNativeTarget "BrandButtonTests" */;
			buildPhases = (
				417CA11F2B69586800AA9118 /* Sources */,
				417CA1202B69586800AA9118 /* Frameworks */,
				417CA1212B69586800AA9118 /* Resources */,
			);
			buildRules = (
			);
			dependencies = (
				417CA1252B69586800AA9118 /* PBXTargetDependency */,
			);
			name = BrandButtonTests;
			productName = BrandButtonTests;
			productReference = 417CA1232B69586800AA9118 /* BrandButtonTests.xctest */;
			productType = "com.apple.product-type.bundle.unit-test";
		};
/* End PBXNativeTarget section */

/* Begin PBXProject section */
		417CA1052B69586600AA9118 /* Project object */ = {
			isa = PBXProject;
			attributes = {
				BuildIndependentTargetsInParallel = 1;
				LastSwiftUpdateCheck = 1520;
				LastUpgradeCheck = 1520;
				TargetAttributes = {
					417CA10C2B69586600AA9118 = {
						CreatedOnToolsVersion = 15.2;
					};
					417CA1222B69586800AA9118 = {
						CreatedOnToolsVersion = 15.2;
						TestTargetID = 417CA10C2B69586600AA9118;
					};
				};
			};
			buildConfigurationList = 417CA1082B69586600AA9118 /* Build configuration list for PBXProject "BrandButton" */;
			compatibilityVersion = "Xcode 14.0";
			developmentRegion = en;
			hasScannedForEncodings = 0;
			knownRegions = (
				en,
				Base,
			);
			mainGroup = 417CA1042B69586600AA9118;
			productRefGroup = 417CA10E2B69586600AA9118 /* Products */;
			projectDirPath = "";
			projectRoot = "";
			targets = (
				417CA10C2B69586600AA9118 /* BrandButton */,
				417CA1222B69586800AA9118 /* BrandButtonTests */,
			);
		};
/* End PBXProject section */

/* Begin PBXResourcesBuildPhase section */
		417CA10B2B69586600AA9118 /* Resources */ = {
			isa = PBXResourcesBuildPhase;
			buildActionMask = 2147483647;
			files = (
				411496E72B6B0DF700E5C053 /* Proxima-Nova-Bold.ttf in Resources */,
				417CA11D2B69586700AA9118 /* LaunchScreen.storyboard in Resources */,
				411496EE2B6EE1ED00E5C053 /* README.md in Resources */,
				417CA11A2B69586700AA9118 /* Assets.xcassets in Resources */,
				417CA1182B69586600AA9118 /* Main.storyboard in Resources */,
			);
			runOnlyForDeploymentPostprocessing = 0;
		};
		417CA1212B69586800AA9118 /* Resources */ = {
			isa = PBXResourcesBuildPhase;
			buildActionMask = 2147483647;
			files = (
			);
			runOnlyForDeploymentPostprocessing = 0;
		};
/* End PBXResourcesBuildPhase section */

/* Begin PBXSourcesBuildPhase section */
		417CA1092B69586600AA9118 /* Sources */ = {
			isa = PBXSourcesBuildPhase;
			buildActionMask = 2147483647;
			files = (
				417CA1152B69586600AA9118 /* ViewController.swift in Sources */,
				411496EB2B6D996A00E5C053 /* SwiftUIView.swift in Sources */,
				417CA1432B696B6300AA9118 /* DesignSystem.swift in Sources */,
				411496E92B6D98E000E5C053 /* BrandButtonView.swift in Sources */,
				417CA1112B69586600AA9118 /* AppDelegate.swift in Sources */,
				417CA1132B69586600AA9118 /* SceneDelegate.swift in Sources */,
				417CA1412B6959A400AA9118 /* BrandButton.swift in Sources */,
			);
			runOnlyForDeploymentPostprocessing = 0;
		};
		417CA11F2B69586800AA9118 /* Sources */ = {
			isa = PBXSourcesBuildPhase;
			buildActionMask = 2147483647;
			files = (
				417CA1282B69586800AA9118 /* BrandButtonTests.swift in Sources */,
			);
			runOnlyForDeploymentPostprocessing = 0;
		};
/* End PBXSourcesBuildPhase section */

/* Begin PBXTargetDependency section */
		417CA1252B69586800AA9118 /* PBXTargetDependency */ = {
			isa = PBXTargetDependency;
			target = 417CA10C2B69586600AA9118 /* BrandButton */;
			targetProxy = 417CA1242B69586800AA9118 /* PBXContainerItemProxy */;
		};
/* End PBXTargetDependency section */

/* Begin PBXVariantGroup section */
		417CA1162B69586600AA9118 /* Main.storyboard */ = {
			isa = PBXVariantGroup;
			children = (
				417CA1172B69586600AA9118 /* Base */,
			);
			name = Main.storyboard;
			sourceTree = "<group>";
		};
		417CA11B2B69586700AA9118 /* LaunchScreen.storyboard */ = {
			isa = PBXVariantGroup;
			children = (
				417CA11C2B69586700AA9118 /* Base */,
			);
			name = LaunchScreen.storyboard;
			sourceTree = "<group>";
		};
/* End PBXVariantGroup section */

/* Begin XCBuildConfiguration section */
		417CA1352B69586800AA9118 /* Debug */ = {
			isa = XCBuildConfiguration;
			buildSettings = {
				ALWAYS_SEARCH_USER_PATHS = NO;
				ASSETCATALOG_COMPILER_GENERATE_SWIFT_ASSET_SYMBOL_EXTENSIONS = YES;
				CLANG_ANALYZER_NONNULL = YES;
				CLANG_ANALYZER_NUMBER_OBJECT_CONVERSION = YES_AGGRESSIVE;
				CLANG_CXX_LANGUAGE_STANDARD = "gnu++20";
				CLANG_ENABLE_MODULES = YES;
				CLANG_ENABLE_OBJC_ARC = YES;
				CLANG_ENABLE_OBJC_WEAK = YES;
				CLANG_WARN_BLOCK_CAPTURE_AUTORELEASING = YES;
				CLANG_WARN_BOOL_CONVERSION = YES;
				CLANG_WARN_COMMA = YES;
				CLANG_WARN_CONSTANT_CONVERSION = YES;
				CLANG_WARN_DEPRECATED_OBJC_IMPLEMENTATIONS = YES;
				CLANG_WARN_DIRECT_OBJC_ISA_USAGE = YES_ERROR;
				CLANG_WARN_DOCUMENTATION_COMMENTS = YES;
				CLANG_WARN_EMPTY_BODY = YES;
				CLANG_WARN_ENUM_CONVERSION = YES;
				CLANG_WARN_INFINITE_RECURSION = YES;
				CLANG_WARN_INT_CONVERSION = YES;
				CLANG_WARN_NON_LITERAL_NULL_CONVERSION = YES;
				CLANG_WARN_OBJC_IMPLICIT_RETAIN_SELF = YES;
				CLANG_WARN_OBJC_LITERAL_CONVERSION = YES;
				CLANG_WARN_OBJC_ROOT_CLASS = YES_ERROR;
				CLANG_WARN_QUOTED_INCLUDE_IN_FRAMEWORK_HEADER = YES;
				CLANG_WARN_RANGE_LOOP_ANALYSIS = YES;
				CLANG_WARN_STRICT_PROTOTYPES = YES;
				CLANG_WARN_SUSPICIOUS_MOVE = YES;
				CLANG_WARN_UNGUARDED_AVAILABILITY = YES_AGGRESSIVE;
				CLANG_WARN_UNREACHABLE_CODE = YES;
				CLANG_WARN__DUPLICATE_METHOD_MATCH = YES;
				COPY_PHASE_STRIP = NO;
				DEBUG_INFORMATION_FORMAT = dwarf;
				ENABLE_STRICT_OBJC_MSGSEND = YES;
				ENABLE_TESTABILITY = YES;
				ENABLE_USER_SCRIPT_SANDBOXING = YES;
				GCC_C_LANGUAGE_STANDARD = gnu17;
				GCC_DYNAMIC_NO_PIC = NO;
				GCC_NO_COMMON_BLOCKS = YES;
				GCC_OPTIMIZATION_LEVEL = 0;
				GCC_PREPROCESSOR_DEFINITIONS = (
					"DEBUG=1",
					"$(inherited)",
				);
				GCC_WARN_64_TO_32_BIT_CONVERSION = YES;
				GCC_WARN_ABOUT_RETURN_TYPE = YES_ERROR;
				GCC_WARN_UNDECLARED_SELECTOR = YES;
				GCC_WARN_UNINITIALIZED_AUTOS = YES_AGGRESSIVE;
				GCC_WARN_UNUSED_FUNCTION = YES;
				GCC_WARN_UNUSED_VARIABLE = YES;
				IPHONEOS_DEPLOYMENT_TARGET = 17.2;
				LOCALIZATION_PREFERS_STRING_CATALOGS = YES;
				MTL_ENABLE_DEBUG_INFO = INCLUDE_SOURCE;
				MTL_FAST_MATH = YES;
				ONLY_ACTIVE_ARCH = YES;
				SDKROOT = iphoneos;
				SWIFT_ACTIVE_COMPILATION_CONDITIONS = "DEBUG $(inherited)";
				SWIFT_OPTIMIZATION_LEVEL = "-Onone";
			};
			name = Debug;
		};
		417CA1362B69586800AA9118 /* Release */ = {
			isa = XCBuildConfiguration;
			buildSettings = {
				ALWAYS_SEARCH_USER_PATHS = NO;
				ASSETCATALOG_COMPILER_GENERATE_SWIFT_ASSET_SYMBOL_EXTENSIONS = YES;
				CLANG_ANALYZER_NONNULL = YES;
				CLANG_ANALYZER_NUMBER_OBJECT_CONVERSION = YES_AGGRESSIVE;
				CLANG_CXX_LANGUAGE_STANDARD = "gnu++20";
				CLANG_ENABLE_MODULES = YES;
				CLANG_ENABLE_OBJC_ARC = YES;
				CLANG_ENABLE_OBJC_WEAK = YES;
				CLANG_WARN_BLOCK_CAPTURE_AUTORELEASING = YES;
				CLANG_WARN_BOOL_CONVERSION = YES;
				CLANG_WARN_COMMA = YES;
				CLANG_WARN_CONSTANT_CONVERSION = YES;
				CLANG_WARN_DEPRECATED_OBJC_IMPLEMENTATIONS = YES;
				CLANG_WARN_DIRECT_OBJC_ISA_USAGE = YES_ERROR;
				CLANG_WARN_DOCUMENTATION_COMMENTS = YES;
				CLANG_WARN_EMPTY_BODY = YES;
				CLANG_WARN_ENUM_CONVERSION = YES;
				CLANG_WARN_INFINITE_RECURSION = YES;
				CLANG_WARN_INT_CONVERSION = YES;
				CLANG_WARN_NON_LITERAL_NULL_CONVERSION = YES;
				CLANG_WARN_OBJC_IMPLICIT_RETAIN_SELF = YES;
				CLANG_WARN_OBJC_LITERAL_CONVERSION = YES;
				CLANG_WARN_OBJC_ROOT_CLASS = YES_ERROR;
				CLANG_WARN_QUOTED_INCLUDE_IN_FRAMEWORK_HEADER = YES;
				CLANG_WARN_RANGE_LOOP_ANALYSIS = YES;
				CLANG_WARN_STRICT_PROTOTYPES = YES;
				CLANG_WARN_SUSPICIOUS_MOVE = YES;
				CLANG_WARN_UNGUARDED_AVAILABILITY = YES_AGGRESSIVE;
				CLANG_WARN_UNREACHABLE_CODE = YES;
				CLANG_WARN__DUPLICATE_METHOD_MATCH = YES;
				COPY_PHASE_STRIP = NO;
				DEBUG_INFORMATION_FORMAT = "dwarf-with-dsym";
				ENABLE_NS_ASSERTIONS = NO;
				ENABLE_STRICT_OBJC_MSGSEND = YES;
				ENABLE_USER_SCRIPT_SANDBOXING = YES;
				GCC_C_LANGUAGE_STANDARD = gnu17;
				GCC_NO_COMMON_BLOCKS = YES;
				GCC_WARN_64_TO_32_BIT_CONVERSION = YES;
				GCC_WARN_ABOUT_RETURN_TYPE = YES_ERROR;
				GCC_WARN_UNDECLARED_SELECTOR = YES;
				GCC_WARN_UNINITIALIZED_AUTOS = YES_AGGRESSIVE;
				GCC_WARN_UNUSED_FUNCTION = YES;
				GCC_WARN_UNUSED_VARIABLE = YES;
				IPHONEOS_DEPLOYMENT_TARGET = 17.2;
				LOCALIZATION_PREFERS_STRING_CATALOGS = YES;
				MTL_ENABLE_DEBUG_INFO = NO;
				MTL_FAST_MATH = YES;
				SDKROOT = iphoneos;
				SWIFT_COMPILATION_MODE = wholemodule;
				VALIDATE_PRODUCT = YES;
			};
			name = Release;
		};
		417CA1382B69586800AA9118 /* Debug */ = {
			isa = XCBuildConfiguration;
			buildSettings = {
				ASSETCATALOG_COMPILER_APPICON_NAME = AppIcon;
				ASSETCATALOG_COMPILER_GLOBAL_ACCENT_COLOR_NAME = AccentColor;
				CODE_SIGN_STYLE = Automatic;
				CURRENT_PROJECT_VERSION = 1;
				DEVELOPMENT_TEAM = USYCM7BRK3;
				GENERATE_INFOPLIST_FILE = YES;
				INFOPLIST_FILE = BrandButton/Info.plist;
				INFOPLIST_KEY_UIApplicationSupportsIndirectInputEvents = YES;
				INFOPLIST_KEY_UILaunchStoryboardName = LaunchScreen;
				INFOPLIST_KEY_UIMainStoryboardFile = Main;
				INFOPLIST_KEY_UISupportedInterfaceOrientations = UIInterfaceOrientationPortrait;
				LD_RUNPATH_SEARCH_PATHS = (
					"$(inherited)",
					"@executable_path/Frameworks",
				);
				MARKETING_VERSION = 1.0;
				PRODUCT_BUNDLE_IDENTIFIER = com.mag.BrandButton;
				PRODUCT_NAME = "$(TARGET_NAME)";
				SWIFT_EMIT_LOC_STRINGS = YES;
				SWIFT_VERSION = 5.0;
				TARGETED_DEVICE_FAMILY = "1,2";
			};
			name = Debug;
		};
		417CA1392B69586800AA9118 /* Release */ = {
			isa = XCBuildConfiguration;
			buildSettings = {
				ASSETCATALOG_COMPILER_APPICON_NAME = AppIcon;
				ASSETCATALOG_COMPILER_GLOBAL_ACCENT_COLOR_NAME = AccentColor;
				CODE_SIGN_STYLE = Automatic;
				CURRENT_PROJECT_VERSION = 1;
				DEVELOPMENT_TEAM = USYCM7BRK3;
				GENERATE_INFOPLIST_FILE = YES;
				INFOPLIST_FILE = BrandButton/Info.plist;
				INFOPLIST_KEY_UIApplicationSupportsIndirectInputEvents = YES;
				INFOPLIST_KEY_UILaunchStoryboardName = LaunchScreen;
				INFOPLIST_KEY_UIMainStoryboardFile = Main;
				INFOPLIST_KEY_UISupportedInterfaceOrientations = UIInterfaceOrientationPortrait;
				LD_RUNPATH_SEARCH_PATHS = (
					"$(inherited)",
					"@executable_path/Frameworks",
				);
				MARKETING_VERSION = 1.0;
				PRODUCT_BUNDLE_IDENTIFIER = com.mag.BrandButton;
				PRODUCT_NAME = "$(TARGET_NAME)";
				SWIFT_EMIT_LOC_STRINGS = YES;
				SWIFT_VERSION = 5.0;
				TARGETED_DEVICE_FAMILY = "1,2";
			};
			name = Release;
		};
		417CA13B2B69586800AA9118 /* Debug */ = {
			isa = XCBuildConfiguration;
			buildSettings = {
				ALWAYS_EMBED_SWIFT_STANDARD_LIBRARIES = YES;
				BUNDLE_LOADER = "$(TEST_HOST)";
				CODE_SIGN_STYLE = Automatic;
				CURRENT_PROJECT_VERSION = 1;
				GENERATE_INFOPLIST_FILE = YES;
				IPHONEOS_DEPLOYMENT_TARGET = 17.2;
				MARKETING_VERSION = 1.0;
				PRODUCT_BUNDLE_IDENTIFIER = com.mag.BrandButtonTests;
				PRODUCT_NAME = "$(TARGET_NAME)";
				SWIFT_EMIT_LOC_STRINGS = NO;
				SWIFT_VERSION = 5.0;
				TARGETED_DEVICE_FAMILY = "1,2";
				TEST_HOST = "$(BUILT_PRODUCTS_DIR)/BrandButton.app/$(BUNDLE_EXECUTABLE_FOLDER_PATH)/BrandButton";
			};
			name = Debug;
		};
		417CA13C2B69586800AA9118 /* Release */ = {
			isa = XCBuildConfiguration;
			buildSettings = {
				ALWAYS_EMBED_SWIFT_STANDARD_LIBRARIES = YES;
				BUNDLE_LOADER = "$(TEST_HOST)";
				CODE_SIGN_STYLE = Automatic;
				CURRENT_PROJECT_VERSION = 1;
				GENERATE_INFOPLIST_FILE = YES;
				IPHONEOS_DEPLOYMENT_TARGET = 17.2;
				MARKETING_VERSION = 1.0;
				PRODUCT_BUNDLE_IDENTIFIER = com.mag.BrandButtonTests;
				PRODUCT_NAME = "$(TARGET_NAME)";
				SWIFT_EMIT_LOC_STRINGS = NO;
				SWIFT_VERSION = 5.0;
				TARGETED_DEVICE_FAMILY = "1,2";
				TEST_HOST = "$(BUILT_PRODUCTS_DIR)/BrandButton.app/$(BUNDLE_EXECUTABLE_FOLDER_PATH)/BrandButton";
			};
			name = Release;
		};
/* End XCBuildConfiguration section */

/* Begin XCConfigurationList section */
		417CA1082B69586600AA9118 /* Build configuration list for PBXProject "BrandButton" */ = {
			isa = XCConfigurationList;
			buildConfigurations = (
				417CA1352B69586800AA9118 /* Debug */,
				417CA1362B69586800AA9118 /* Release */,
			);
			defaultConfigurationIsVisible = 0;
			defaultConfigurationName = Release;
		};
		417CA1372B69586800AA9118 /* Build configuration list for PBXNativeTarget "BrandButton" */ = {
			isa = XCConfigurationList;
			buildConfigurations = (
				417CA1382B69586800AA9118 /* Debug */,
				417CA1392B69586800AA9118 /* Release */,
			);
			defaultConfigurationIsVisible = 0;
			defaultConfigurationName = Release;
		};
		417CA13A2B69586800AA9118 /* Build configuration list for PBXNativeTarget "BrandButtonTests" */ = {
			isa = XCConfigurationList;
			buildConfigurations = (
				417CA13B2B69586800AA9118 /* Debug */,
				417CA13C2B69586800AA9118 /* Release */,
			);
			defaultConfigurationIsVisible = 0;
			defaultConfigurationName = Release;
		};
/* End XCConfigurationList section */
	};
	rootObject = 417CA1052B69586600AA9118 /* Project object */;
}
